# generated by rye
# use `rye lock` or `rye sync` to update this lockfile
#
# last locked with the following flags:
#   pre: false
#   features: []
#   all-features: false
#   with-sources: false

-e file:pypi/distances
-e file:benches/py-cakes
-e file:benches/py-mbed
click==8.1.8
    # via typer
contourpy==1.3.0
    # via matplotlib
cycler==0.12.1
    # via matplotlib
fonttools==4.55.3
    # via matplotlib
imageio==2.37.0
    # via py-mbed
importlib-resources==6.4.5
    # via matplotlib
joblib==1.4.2
    # via pynndescent
    # via scikit-learn
kiwisolver==1.4.7
    # via matplotlib
llvmlite==0.43.0
    # via numba
    # via pynndescent
markdown-it-py==3.0.0
    # via rich
matplotlib==3.9.4
    # via py-cakes
    # via py-mbed
mdurl==0.1.2
    # via markdown-it-py
numba==0.60.0
    # via pynndescent
    # via umap-learn
numpy==2.0.2
    # via abd-distances
    # via contourpy
    # via imageio
    # via matplotlib
    # via numba
    # via pandas
    # via py-cakes
    # via py-mbed
    # via scikit-learn
    # via scipy
    # via umap-learn
packaging==24.2
    # via matplotlib
pandas==2.2.3
    # via py-cakes
    # via py-mbed
pillow==11.0.0
    # via imageio
    # via matplotlib
pygments==2.18.0
    # via rich
pynndescent==0.5.13
    # via umap-learn
pyparsing==3.2.0
    # via matplotlib
python-dateutil==2.9.0.post0
    # via matplotlib
    # via pandas
pytz==2024.2
    # via pandas
rich==13.9.4
    # via typer
scikit-learn==1.6.1
    # via pynndescent
    # via umap-learn
scipy==1.13.1
    # via pynndescent
    # via scikit-learn
    # via umap-learn
shellingham==1.5.4
    # via typer
six==1.17.0
    # via python-dateutil
threadpoolctl==3.5.0
    # via scikit-learn
tqdm==4.67.1
    # via umap-learn
typer==0.15.1
    # via py-cakes
    # via py-mbed
typing-extensions==4.12.2
    # via rich
    # via typer
tzdata==2024.2
    # via pandas
umap-learn==0.5.7
    # via py-mbed
zipp==3.21.0
    # via importlib-resources
