# generated by rye
# use `rye lock` or `rye sync` to update this lockfile
#
# last locked with the following flags:
#   pre: false
#   features: []
#   all-features: true
#   with-sources: false

-e file:pypi/distances
    # via file:///pypi/distances
bump2version==1.0.1
    # via abd-distances
cfgv==3.4.0
    # via pre-commit
contourpy==1.2.0
    # via matplotlib
coverage==7.4.3
    # via coverage
    # via pytest-cov
cycler==0.12.1
    # via matplotlib
distlib==0.3.8
    # via virtualenv
editdistance==0.8.1
    # via abd-distances
execnet==2.0.2
    # via pytest-xdist
filelock==3.13.1
    # via virtualenv
fonttools==4.49.0
    # via matplotlib
identify==2.5.35
    # via pre-commit
iniconfig==2.0.0
    # via pytest
kiwisolver==1.4.5
    # via matplotlib
markdown-it-py==3.0.0
    # via rich
matplotlib==3.8.3
    # via seaborn
mdurl==0.1.2
    # via markdown-it-py
nodeenv==1.8.0
    # via pre-commit
numpy==1.26.4
    # via abd-distances
    # via contourpy
    # via matplotlib
    # via pandas
    # via scipy
    # via seaborn
packaging==23.2
    # via matplotlib
    # via pytest
    # via pytest-sugar
pandas==2.2.1
    # via seaborn
pillow==10.2.0
    # via matplotlib
platformdirs==4.2.0
    # via virtualenv
pluggy==1.4.0
    # via pytest
pre-commit==3.6.2
    # via abd-distances
pygments==2.17.2
    # via rich
pyinstrument==4.6.2
    # via richbench
pyparsing==3.1.2
    # via matplotlib
pytest==8.0.2
    # via abd-distances
    # via pytest-cov
    # via pytest-sugar
    # via pytest-xdist
pytest-cov==4.1.0
    # via abd-distances
pytest-sugar==1.0.0
    # via abd-distances
pytest-xdist==3.5.0
    # via abd-distances
python-dateutil==2.9.0.post0
    # via matplotlib
    # via pandas
pytz==2024.1
    # via pandas
pyyaml==6.0.1
    # via pre-commit
rich==13.7.1
    # via richbench
richbench==1.0.3
    # via abd-distances
scipy==1.12.0
    # via abd-distances
seaborn==0.13.2
    # via abd-distances
six==1.16.0
    # via python-dateutil
termcolor==2.4.0
    # via pytest-sugar
tqdm==4.66.2
    # via abd-distances
tzdata==2024.1
    # via pandas
virtualenv==20.25.1
    # via pre-commit
setuptools==69.1.1
    # via nodeenv
